
Microsoft Visual Studio Solution File, Format Version 12.00
# Visual Studio Version 17
VisualStudioVersion = 17.13.35913.81 d17.13
MinimumVisualStudioVersion = 10.0.40219.1
Project("{FAE04EC0-301F-11D3-BF4B-00C04F79EFBC}") = "QLSuaChuaVaLapDat", "QLSuaChuaVaLapDat\QLSuaChuaVaLapDat.csproj", "{CDBC5581-0AC0-462A-9ECE-808A94B27CDD}"
EndProject
Global
	GlobalSection(SolutionConfigurationPlatforms) = preSolution
		Debug|Any CPU = Debug|Any CPU
		Release|Any CPU = Release|Any CPU
	EndGlobalSection
	GlobalSection(ProjectConfigurationPlatforms) = postSolution
		{CDBC5581-0AC0-462A-9ECE-808A94B27CDD}.Debug|Any CPU.ActiveCfg = Debug|Any CPU
		{CDBC5581-0AC0-462A-9ECE-808A94B27CDD}.Debug|Any CPU.Build.0 = Debug|Any CPU
		{CDBC5581-0AC0-462A-9ECE-808A94B27CDD}.Release|Any CPU.ActiveCfg = Release|Any CPU
		{CDBC5581-0AC0-462A-9ECE-808A94B27CDD}.Release|Any CPU.Build.0 = Release|Any CPU
	EndGlobalSection
	GlobalSection(SolutionProperties) = preSolution
		HideSolutionNode = FALSE
	EndGlobalSection
	GlobalSection(ExtensibilityGlobals) = postSolution
		SolutionGuid = {2797666C-2AC6-479F-8AAD-4E18517B6E76}
	EndGlobalSection
EndGlobal
